
Microsoft Visual Studio Solution File, Format Version 12.00
# Visual Studio Version 17
VisualStudioVersion = 17.11.35222.181
MinimumVisualStudioVersion = 15.0.26124.0
Project("{9A19103F-16F7-4668-BE54-9A1E7A4F7556}") = "AwsCdkCsharp", "AwsCdkCsharp\AwsCdkCsharp.csproj", "{A1916C2F-2E39-485C-8B68-BD509F65F2AA}"
EndProject
Global
	GlobalSection(SolutionConfigurationPlatforms) = preSolution
		Debug|Any CPU = Debug|Any CPU
		Debug|x64 = Debug|x64
		Debug|x86 = Debug|x86
		Release|Any CPU = Release|Any CPU
		Release|x64 = Release|x64
		Release|x86 = Release|x86
	EndGlobalSection
	GlobalSection(ProjectConfigurationPlatforms) = postSolution
		{A1916C2F-2E39-485C-8B68-BD509F65F2AA}.Debug|Any CPU.ActiveCfg = Debug|Any CPU
		{A1916C2F-2E39-485C-8B68-BD509F65F2AA}.Debug|Any CPU.Build.0 = Debug|Any CPU
		{A1916C2F-2E39-485C-8B68-BD509F65F2AA}.Debug|x64.ActiveCfg = Debug|Any CPU
		{A1916C2F-2E39-485C-8B68-BD509F65F2AA}.Debug|x64.Build.0 = Debug|Any CPU
		{A1916C2F-2E39-485C-8B68-BD509F65F2AA}.Debug|x86.ActiveCfg = Debug|Any CPU
		{A1916C2F-2E39-485C-8B68-BD509F65F2AA}.Debug|x86.Build.0 = Debug|Any CPU
		{A1916C2F-2E39-485C-8B68-BD509F65F2AA}.Release|Any CPU.ActiveCfg = Release|Any CPU
		{A1916C2F-2E39-485C-8B68-BD509F65F2AA}.Release|Any CPU.Build.0 = Release|Any CPU
		{A1916C2F-2E39-485C-8B68-BD509F65F2AA}.Release|x64.ActiveCfg = Release|Any CPU
		{A1916C2F-2E39-485C-8B68-BD509F65F2AA}.Release|x64.Build.0 = Release|Any CPU
		{A1916C2F-2E39-485C-8B68-BD509F65F2AA}.Release|x86.ActiveCfg = Release|Any CPU
		{A1916C2F-2E39-485C-8B68-BD509F65F2AA}.Release|x86.Build.0 = Release|Any CPU
	EndGlobalSection
	GlobalSection(SolutionProperties) = preSolution
		HideSolutionNode = FALSE
	EndGlobalSection
	GlobalSection(ExtensibilityGlobals) = postSolution
		SolutionGuid = {00745BED-B424-4F99-AD76-8C90D39FC544}
	EndGlobalSection
EndGlobal
